
Microsoft Visual Studio Solution File, Format Version 12.00
# Visual Studio Version 16
VisualStudioVersion = 16.0.31911.196
MinimumVisualStudioVersion = 10.0.40219.1
Project("{FAE04EC0-301F-11D3-BF4B-00C04F79EFBC}") = "erp ecommerce", "erp ecommerce\erp ecommerce.csproj", "{A407B534-6DC2-41BB-966C-9DAF10821413}"
EndProject
Global
	GlobalSection(SolutionConfigurationPlatforms) = preSolution
		Debug|Any CPU = Debug|Any CPU
		Release|Any CPU = Release|Any CPU
	EndGlobalSection
	GlobalSection(ProjectConfigurationPlatforms) = postSolution
		{A407B534-6DC2-41BB-966C-9DAF10821413}.Debug|Any CPU.ActiveCfg = Debug|Any CPU
		{A407B534-6DC2-41BB-966C-9DAF10821413}.Debug|Any CPU.Build.0 = Debug|Any CPU
		{A407B534-6DC2-41BB-966C-9DAF10821413}.Release|Any CPU.ActiveCfg = Release|Any CPU
		{A407B534-6DC2-41BB-966C-9DAF10821413}.Release|Any CPU.Build.0 = Release|Any CPU
	EndGlobalSection
	GlobalSection(SolutionProperties) = preSolution
		HideSolutionNode = FALSE
	EndGlobalSection
	GlobalSection(ExtensibilityGlobals) = postSolution
		SolutionGuid = {7A933F17-88E3-4145-A67C-C81FBB9C2E7E}
	EndGlobalSection
EndGlobal
